
Microsoft Visual Studio Solution File, Format Version 12.00
# Visual Studio Version 16
VisualStudioVersion = 16.0.30611.23
MinimumVisualStudioVersion = 10.0.40219.1
Project("{FAE04EC0-301F-11D3-BF4B-00C04F79EFBC}") = "WebAPI", "WebAPI\WebAPI.csproj", "{84A7E936-9523-40BD-B736-A3382AC754CD}"
EndProject
Global
	GlobalSection(SolutionConfigurationPlatforms) = preSolution
		Debug|Any CPU = Debug|Any CPU
		Release|Any CPU = Release|Any CPU
	EndGlobalSection
	GlobalSection(ProjectConfigurationPlatforms) = postSolution
		{84A7E936-9523-40BD-B736-A3382AC754CD}.Debug|Any CPU.ActiveCfg = Debug|Any CPU
		{84A7E936-9523-40BD-B736-A3382AC754CD}.Debug|Any CPU.Build.0 = Debug|Any CPU
		{84A7E936-9523-40BD-B736-A3382AC754CD}.Release|Any CPU.ActiveCfg = Release|Any CPU
		{84A7E936-9523-40BD-B736-A3382AC754CD}.Release|Any CPU.Build.0 = Release|Any CPU
	EndGlobalSection
	GlobalSection(SolutionProperties) = preSolution
		HideSolutionNode = FALSE
	EndGlobalSection
	GlobalSection(ExtensibilityGlobals) = postSolution
		SolutionGuid = {2C72D0B5-FB29-4402-969D-62DA44692FD3}
	EndGlobalSection
EndGlobal
